
Microsoft Visual Studio Solution File, Format Version 12.00
Project("{FAE04EC0-301F-11D3-BF4B-00C04F79EFBC}") = "A4MovieLibraryAssignmentBarryMcClain", "A4MovieLibraryAssignmentBarryMcClain\A4MovieLibraryAssignmentBarryMcClain.csproj", "{506D0381-6839-4CA6-A8CE-D81BDF25817C}"
EndProject
Global
	GlobalSection(SolutionConfigurationPlatforms) = preSolution
		Debug|Any CPU = Debug|Any CPU
		Release|Any CPU = Release|Any CPU
	EndGlobalSection
	GlobalSection(ProjectConfigurationPlatforms) = postSolution
		{506D0381-6839-4CA6-A8CE-D81BDF25817C}.Debug|Any CPU.ActiveCfg = Debug|Any CPU
		{506D0381-6839-4CA6-A8CE-D81BDF25817C}.Debug|Any CPU.Build.0 = Debug|Any CPU
		{506D0381-6839-4CA6-A8CE-D81BDF25817C}.Release|Any CPU.ActiveCfg = Release|Any CPU
		{506D0381-6839-4CA6-A8CE-D81BDF25817C}.Release|Any CPU.Build.0 = Release|Any CPU
	EndGlobalSection
EndGlobal
